<?xml version="1.0" encoding="UTF-8" standalone="yes" ?>
<CodeBlocks_project_file>
	<FileVersion major="1" minor="6" />
	<Project>
		<Option title="cdrtohashtest" />
		<Option pch_mode="2" />
		<Option compiler="gcc" />
		<Build>
			<Target title="Debug">
				<Option output="bin/Debug/cdrtohashtest" prefix_auto="1" extension_auto="1" />
				<Option object_output="obj/Debug/" />
				<Option type="1" />
				<Option compiler="gcc" />
				<Compiler>
					<Add option="-g" />
				</Compiler>
			</Target>
			<Target title="Release">
				<Option output="bin/Release/cdrtohashtest" prefix_auto="1" extension_auto="1" />
				<Option object_output="obj/Release/" />
				<Option type="1" />
				<Option compiler="gcc" />
				<Compiler>
					<Add option="-O2" />
				</Compiler>
				<Linker>
					<Add option="-s" />
				</Linker>
			</Target>
		</Build>
		<Compiler>
			<Add option="-Wall" />
		</Compiler>
		<Unit filename="../cdrmanager/cdrMessager.c">
			<Option compilerVar="CC" />
		</Unit>
		<Unit filename="../cdrmanager/cdrParser.c">
			<Option compilerVar="CC" />
		</Unit>
		<Unit filename="../cdrmanager/cdrParserManager.c">
			<Option compilerVar="CC" />
		</Unit>
		<Unit filename="../cdrmanager/discoverer.c">
			<Option compilerVar="CC" />
		</Unit>
		<Unit filename="../datamanager/datamanager.c">
			<Option compilerVar="CC" />
		</Unit>
		<Unit filename="../datamanager/oparetorDs.c">
			<Option compilerVar="CC" />
		</Unit>
		<Unit filename="../datamanager/operator.c">
			<Option compilerVar="CC" />
		</Unit>
		<Unit filename="../datamanager/subscribeDs.c">
			<Option compilerVar="CC" />
		</Unit>
		<Unit filename="../datamanager/subsriber.c">
			<Option compilerVar="CC" />
		</Unit>
		<Unit filename="../fileHandler.c">
			<Option compilerVar="CC" />
		</Unit>
		<Unit filename="cdtToDatamanger-test.c">
			<Option compilerVar="CC" />
		</Unit>
		<Extensions>
			<code_completion />
			<envvars />
			<lib_finder disable_auto="1" />
			<debugger />
		</Extensions>
	</Project>
</CodeBlocks_project_file>
